
Microsoft Visual Studio Solution File, Format Version 12.00
# Visual Studio Version 17
VisualStudioVersion = 17.14.36301.6 d17.14
MinimumVisualStudioVersion = 10.0.40219.1
Project("{FAE04EC0-301F-11D3-BF4B-00C04F79EFBC}") = "FightGameMS", "FightGameMS\FightGameMS.csproj", "{584DCE9E-F9CD-4A4E-90CD-1F0AF87CBC19}"
EndProject
Global
	GlobalSection(SolutionConfigurationPlatforms) = preSolution
		Debug|Any CPU = Debug|Any CPU
		Release|Any CPU = Release|Any CPU
	EndGlobalSection
	GlobalSection(ProjectConfigurationPlatforms) = postSolution
		{584DCE9E-F9CD-4A4E-90CD-1F0AF87CBC19}.Debug|Any CPU.ActiveCfg = Debug|Any CPU
		{584DCE9E-F9CD-4A4E-90CD-1F0AF87CBC19}.Debug|Any CPU.Build.0 = Debug|Any CPU
		{584DCE9E-F9CD-4A4E-90CD-1F0AF87CBC19}.Release|Any CPU.ActiveCfg = Release|Any CPU
		{584DCE9E-F9CD-4A4E-90CD-1F0AF87CBC19}.Release|Any CPU.Build.0 = Release|Any CPU
	EndGlobalSection
	GlobalSection(SolutionProperties) = preSolution
		HideSolutionNode = FALSE
	EndGlobalSection
	GlobalSection(ExtensibilityGlobals) = postSolution
		SolutionGuid = {534DFEB8-D6C5-442C-99C7-A87EBB18B9C4}
	EndGlobalSection
EndGlobal
